
Microsoft Visual Studio Solution File, Format Version 12.00
# Visual Studio Version 17
VisualStudioVersion = 17.12.35707.178
MinimumVisualStudioVersion = 10.0.40219.1
Project("{FAE04EC0-301F-11D3-BF4B-00C04F79EFBC}") = "GUI490WC", "GUI490WC\GUI490WC.csproj", "{17406551-94B2-43D3-9D55-7009E09240A3}"
EndProject
Project("{FAE04EC0-301F-11D3-BF4B-00C04F79EFBC}") = "BE490WC", "BE490WC\BE490WC.csproj", "{865DD08A-C4D3-4679-852F-1239493E0C7F}"
EndProject
Project("{FAE04EC0-301F-11D3-BF4B-00C04F79EFBC}") = "BLL490WC", "BLL490WC\BLL490WC.csproj", "{18CB2207-87E5-4F1E-8B58-F70F52084651}"
EndProject
Project("{FAE04EC0-301F-11D3-BF4B-00C04F79EFBC}") = "DAL490WC", "DAL490WC\DAL490WC.csproj", "{C80766E9-A7B3-441A-86A3-8FF65B5882AD}"
EndProject
Project("{FAE04EC0-301F-11D3-BF4B-00C04F79EFBC}") = "SERVICIOS490WC", "SERVICIOS490WC\SERVICIOS490WC.csproj", "{E2841D11-DA0D-4A10-9B4A-3D36FD7FBCE3}"
EndProject
Project("{FAE04EC0-301F-11D3-BF4B-00C04F79EFBC}") = "SE490WC", "SE490WC\SE490WC.csproj", "{FB9B0B3A-C570-46F7-89C6-ED0C84506F2F}"
EndProject
Project("{FAE04EC0-301F-11D3-BF4B-00C04F79EFBC}") = "BLLS490WC", "BLLS490WC\BLLS490WC.csproj", "{A75EC413-7096-4591-BD0B-F7C4BA246F23}"
EndProject
Global
	GlobalSection(SolutionConfigurationPlatforms) = preSolution
		Debug|Any CPU = Debug|Any CPU
		Release|Any CPU = Release|Any CPU
	EndGlobalSection
	GlobalSection(ProjectConfigurationPlatforms) = postSolution
		{17406551-94B2-43D3-9D55-7009E09240A3}.Debug|Any CPU.ActiveCfg = Debug|Any CPU
		{17406551-94B2-43D3-9D55-7009E09240A3}.Debug|Any CPU.Build.0 = Debug|Any CPU
		{17406551-94B2-43D3-9D55-7009E09240A3}.Release|Any CPU.ActiveCfg = Release|Any CPU
		{17406551-94B2-43D3-9D55-7009E09240A3}.Release|Any CPU.Build.0 = Release|Any CPU
		{865DD08A-C4D3-4679-852F-1239493E0C7F}.Debug|Any CPU.ActiveCfg = Debug|Any CPU
		{865DD08A-C4D3-4679-852F-1239493E0C7F}.Debug|Any CPU.Build.0 = Debug|Any CPU
		{865DD08A-C4D3-4679-852F-1239493E0C7F}.Release|Any CPU.ActiveCfg = Release|Any CPU
		{865DD08A-C4D3-4679-852F-1239493E0C7F}.Release|Any CPU.Build.0 = Release|Any CPU
		{18CB2207-87E5-4F1E-8B58-F70F52084651}.Debug|Any CPU.ActiveCfg = Debug|Any CPU
		{18CB2207-87E5-4F1E-8B58-F70F52084651}.Debug|Any CPU.Build.0 = Debug|Any CPU
		{18CB2207-87E5-4F1E-8B58-F70F52084651}.Release|Any CPU.ActiveCfg = Release|Any CPU
		{18CB2207-87E5-4F1E-8B58-F70F52084651}.Release|Any CPU.Build.0 = Release|Any CPU
		{C80766E9-A7B3-441A-86A3-8FF65B5882AD}.Debug|Any CPU.ActiveCfg = Debug|Any CPU
		{C80766E9-A7B3-441A-86A3-8FF65B5882AD}.Debug|Any CPU.Build.0 = Debug|Any CPU
		{C80766E9-A7B3-441A-86A3-8FF65B5882AD}.Release|Any CPU.ActiveCfg = Release|Any CPU
		{C80766E9-A7B3-441A-86A3-8FF65B5882AD}.Release|Any CPU.Build.0 = Release|Any CPU
		{E2841D11-DA0D-4A10-9B4A-3D36FD7FBCE3}.Debug|Any CPU.ActiveCfg = Debug|Any CPU
		{E2841D11-DA0D-4A10-9B4A-3D36FD7FBCE3}.Debug|Any CPU.Build.0 = Debug|Any CPU
		{E2841D11-DA0D-4A10-9B4A-3D36FD7FBCE3}.Release|Any CPU.ActiveCfg = Release|Any CPU
		{E2841D11-DA0D-4A10-9B4A-3D36FD7FBCE3}.Release|Any CPU.Build.0 = Release|Any CPU
		{FB9B0B3A-C570-46F7-89C6-ED0C84506F2F}.Debug|Any CPU.ActiveCfg = Debug|Any CPU
		{FB9B0B3A-C570-46F7-89C6-ED0C84506F2F}.Debug|Any CPU.Build.0 = Debug|Any CPU
		{FB9B0B3A-C570-46F7-89C6-ED0C84506F2F}.Release|Any CPU.ActiveCfg = Release|Any CPU
		{FB9B0B3A-C570-46F7-89C6-ED0C84506F2F}.Release|Any CPU.Build.0 = Release|Any CPU
		{A75EC413-7096-4591-BD0B-F7C4BA246F23}.Debug|Any CPU.ActiveCfg = Debug|Any CPU
		{A75EC413-7096-4591-BD0B-F7C4BA246F23}.Debug|Any CPU.Build.0 = Debug|Any CPU
		{A75EC413-7096-4591-BD0B-F7C4BA246F23}.Release|Any CPU.ActiveCfg = Release|Any CPU
		{A75EC413-7096-4591-BD0B-F7C4BA246F23}.Release|Any CPU.Build.0 = Release|Any CPU
	EndGlobalSection
	GlobalSection(SolutionProperties) = preSolution
		HideSolutionNode = FALSE
	EndGlobalSection
EndGlobal
